
Microsoft Visual Studio Solution File, Format Version 12.00
# Visual Studio 15
VisualStudioVersion = 15.0.26124.0
MinimumVisualStudioVersion = 15.0.26124.0
Project("{2150E333-8FDC-42A3-9474-1A3956D46DE8}") = "src", "src", "{C3C2BD0F-B532-4157-A1B0-2961A0CCBC19}"
EndProject
Project("{FAE04EC0-301F-11D3-BF4B-00C04F79EFBC}") = "CommandAPI", "src\CommandAPI\CommandAPI.csproj", "{D31CEA48-7063-4C9B-8D4A-A8189B7C0025}"
EndProject
Project("{2150E333-8FDC-42A3-9474-1A3956D46DE8}") = "test", "test", "{5112709B-7144-4AFE-9BC2-687348295BB2}"
EndProject
Project("{FAE04EC0-301F-11D3-BF4B-00C04F79EFBC}") = "CommandAPI.Tests", "test\CommandAPI.Tests\CommandAPI.Tests.csproj", "{30BFA7AA-D3CD-42C3-B9FA-D969EE123B99}"
EndProject
Global
	GlobalSection(SolutionConfigurationPlatforms) = preSolution
		Debug|Any CPU = Debug|Any CPU
		Debug|x64 = Debug|x64
		Debug|x86 = Debug|x86
		Release|Any CPU = Release|Any CPU
		Release|x64 = Release|x64
		Release|x86 = Release|x86
	EndGlobalSection
	GlobalSection(SolutionProperties) = preSolution
		HideSolutionNode = FALSE
	EndGlobalSection
	GlobalSection(ProjectConfigurationPlatforms) = postSolution
		{D31CEA48-7063-4C9B-8D4A-A8189B7C0025}.Debug|Any CPU.ActiveCfg = Debug|Any CPU
		{D31CEA48-7063-4C9B-8D4A-A8189B7C0025}.Debug|Any CPU.Build.0 = Debug|Any CPU
		{D31CEA48-7063-4C9B-8D4A-A8189B7C0025}.Debug|x64.ActiveCfg = Debug|Any CPU
		{D31CEA48-7063-4C9B-8D4A-A8189B7C0025}.Debug|x64.Build.0 = Debug|Any CPU
		{D31CEA48-7063-4C9B-8D4A-A8189B7C0025}.Debug|x86.ActiveCfg = Debug|Any CPU
		{D31CEA48-7063-4C9B-8D4A-A8189B7C0025}.Debug|x86.Build.0 = Debug|Any CPU
		{D31CEA48-7063-4C9B-8D4A-A8189B7C0025}.Release|Any CPU.ActiveCfg = Release|Any CPU
		{D31CEA48-7063-4C9B-8D4A-A8189B7C0025}.Release|Any CPU.Build.0 = Release|Any CPU
		{D31CEA48-7063-4C9B-8D4A-A8189B7C0025}.Release|x64.ActiveCfg = Release|Any CPU
		{D31CEA48-7063-4C9B-8D4A-A8189B7C0025}.Release|x64.Build.0 = Release|Any CPU
		{D31CEA48-7063-4C9B-8D4A-A8189B7C0025}.Release|x86.ActiveCfg = Release|Any CPU
		{D31CEA48-7063-4C9B-8D4A-A8189B7C0025}.Release|x86.Build.0 = Release|Any CPU
		{30BFA7AA-D3CD-42C3-B9FA-D969EE123B99}.Debug|Any CPU.ActiveCfg = Debug|Any CPU
		{30BFA7AA-D3CD-42C3-B9FA-D969EE123B99}.Debug|Any CPU.Build.0 = Debug|Any CPU
		{30BFA7AA-D3CD-42C3-B9FA-D969EE123B99}.Debug|x64.ActiveCfg = Debug|Any CPU
		{30BFA7AA-D3CD-42C3-B9FA-D969EE123B99}.Debug|x64.Build.0 = Debug|Any CPU
		{30BFA7AA-D3CD-42C3-B9FA-D969EE123B99}.Debug|x86.ActiveCfg = Debug|Any CPU
		{30BFA7AA-D3CD-42C3-B9FA-D969EE123B99}.Debug|x86.Build.0 = Debug|Any CPU
		{30BFA7AA-D3CD-42C3-B9FA-D969EE123B99}.Release|Any CPU.ActiveCfg = Release|Any CPU
		{30BFA7AA-D3CD-42C3-B9FA-D969EE123B99}.Release|Any CPU.Build.0 = Release|Any CPU
		{30BFA7AA-D3CD-42C3-B9FA-D969EE123B99}.Release|x64.ActiveCfg = Release|Any CPU
		{30BFA7AA-D3CD-42C3-B9FA-D969EE123B99}.Release|x64.Build.0 = Release|Any CPU
		{30BFA7AA-D3CD-42C3-B9FA-D969EE123B99}.Release|x86.ActiveCfg = Release|Any CPU
		{30BFA7AA-D3CD-42C3-B9FA-D969EE123B99}.Release|x86.Build.0 = Release|Any CPU
	EndGlobalSection
	GlobalSection(NestedProjects) = preSolution
		{D31CEA48-7063-4C9B-8D4A-A8189B7C0025} = {C3C2BD0F-B532-4157-A1B0-2961A0CCBC19}
		{30BFA7AA-D3CD-42C3-B9FA-D969EE123B99} = {5112709B-7144-4AFE-9BC2-687348295BB2}
	EndGlobalSection
EndGlobal
